{
  "name": "scripts",
  "lockfileVersion": 3,
  "requires": true,
  "packages": {
    "": {
      "dependencies": {
        "@nodesecure/js-x-ray": "^11.1.0"
      }
    },
    "node_modules/@file-type/xml": {
      "version": "0.4.4",
      "resolved": "https://registry.npmjs.org/@file-type/xml/-/xml-0.4.4.tgz",
      "integrity": "sha512-NhCyXoHlVZ8TqM476hyzwGJ24+D5IPSaZhmrPj7qXnEVb3q6jrFzA3mM9TBpknKSI9EuQeGTKRg2DXGUwvBBoQ==",
      "license": "MIT",
      "dependencies": {
        "sax": "^1.4.1",
        "strtok3": "^10.3.4"
      }
    },
    "node_modules/@nodesecure/estree-ast-utils": {
      "version": "4.3.0",
      "resolved": "https://registry.npmjs.org/@nodesecure/estree-ast-utils/-/estree-ast-utils-4.3.0.tgz",
      "integrity": "sha512-BekELzWZlgGsNAClTpHgTPGGyQfjgOx9Dc5G5567idUejWkBZ5PVib6YOGKSmGLlDuagLjpLfE0Avn5D3LAZOw==",
      "license": "MIT",
      "dependencies": {
        "@nodesecure/sec-literal": "^1.1.0",
        "meriyah": "7.0.0"
      }
    },
    "node_modules/@nodesecure/js-x-ray": {
      "version": "11.1.0",
      "resolved": "https://registry.npmjs.org/@nodesecure/js-x-ray/-/js-x-ray-11.1.0.tgz",
      "integrity": "sha512-ID9Q1dEm12/yzEl5h413EaxJI+YiO1wGa90BUS7huovniwp8cJO65soGCanjnodTtD/un6zT6IXrcLKg51Fvug==",
      "license": "MIT",
      "dependencies": {
        "@nodesecure/estree-ast-utils": "^4.2.0",
        "@nodesecure/sec-literal": "^1.4.0",
        "@nodesecure/tracer": "^3.0.0",
        "@nodesecure/ts-source-parser": "1.1.0",
        "digraph-js": "2.2.4",
        "frequency-set": "^2.1.0",
        "ipaddr.js": "2.3.0",
        "meriyah": "7.0.0",
        "safe-regex": "^2.1.1",
        "ts-pattern": "^5.0.6"
      },
      "engines": {
        "node": ">=20.0.0"
      }
    },
    "node_modules/@nodesecure/sec-literal": {
      "version": "1.4.0",
      "resolved": "https://registry.npmjs.org/@nodesecure/sec-literal/-/sec-literal-1.4.0.tgz",
      "integrity": "sha512-E4oxm/Ww2mvm20UbtLfoluF/NNaTcIs1lUUD+Crk9idBGBKwxgnSlW7MhWOwbPO/ccC6WPaqDtRv/cjB02nDIw==",
      "license": "MIT",
      "dependencies": {
        "frequency-set": "^2.1.0",
        "is-svg": "^6.0.0",
        "string-width": "^8.0.0"
      }
    },
    "node_modules/@nodesecure/tracer": {
      "version": "3.1.0",
      "resolved": "https://registry.npmjs.org/@nodesecure/tracer/-/tracer-3.1.0.tgz",
      "integrity": "sha512-mbeNLKDT/g2tmgHLIY5sRW9rfJMp31FUzqFh/KwTtojo/oylBoaaL1HwGH+gsr7YCeK7QyOj6HHMU7Cp+mXMSQ==",
      "license": "MIT",
      "dependencies": {
        "@nodesecure/estree-ast-utils": "^4.2.0",
        "meriyah": "7.0.0",
        "ts-pattern": "^5.7.1"
      }
    },
    "node_modules/@nodesecure/ts-source-parser": {
      "version": "1.1.0",
      "resolved": "https://registry.npmjs.org/@nodesecure/ts-source-parser/-/ts-source-parser-1.1.0.tgz",
      "integrity": "sha512-NYWLkl3ywDPoCNzP5/IRS78kjJWI/NfpPXxswxJaOSV3K4Vv3ktnnPj+NxcxbEyTQ5hN6hdlf57fwg9SQ/ltzA==",
      "license": "MIT",
      "dependencies": {
        "@typescript-eslint/typescript-estree": "^8.0.0"
      }
    },
    "node_modules/@tokenizer/token": {
      "version": "0.3.0",
      "resolved": "https://registry.npmjs.org/@tokenizer/token/-/token-0.3.0.tgz",
      "integrity": "sha512-OvjF+z51L3ov0OyAU0duzsYuvO01PH7x4t6DJx+guahgTnBHkhJdG7soQeTSFLWN3efnHyibZ4Z8l2EuWwJN3A==",
      "license": "MIT"
    },
    "node_modules/@typescript-eslint/project-service": {
      "version": "8.57.2",
      "resolved": "https://registry.npmjs.org/@typescript-eslint/project-service/-/project-service-8.57.2.tgz",
      "integrity": "sha512-FuH0wipFywXRTHf+bTTjNyuNQQsQC3qh/dYzaM4I4W0jrCqjCVuUh99+xd9KamUfmCGPvbO8NDngo/vsnNVqgw==",
      "license": "MIT",
      "dependencies": {
        "@typescript-eslint/tsconfig-utils": "^8.57.2",
        "@typescript-eslint/types": "^8.57.2",
        "debug": "^4.4.3"
      },
      "engines": {
        "node": "^18.18.0 || ^20.9.0 || >=21.1.0"
      },
      "funding": {
        "type": "opencollective",
        "url": "https://opencollective.com/typescript-eslint"
      },
      "peerDependencies": {
        "typescript": ">=4.8.4 <6.0.0"
      }
    },
    "node_modules/@typescript-eslint/tsconfig-utils": {
      "version": "8.57.2",
      "resolved": "https://registry.npmjs.org/@typescript-eslint/tsconfig-utils/-/tsconfig-utils-8.57.2.tgz",
      "integrity": "sha512-3Lm5DSM+DCowsUOJC+YqHHnKEfFh5CoGkj5Z31NQSNF4l5wdOwqGn99wmwN/LImhfY3KJnmordBq/4+VDe2eKw==",
      "license": "MIT",
      "engines": {
        "node": "^18.18.0 || ^20.9.0 || >=21.1.0"
      },
      "funding": {
        "type": "opencollective",
        "url": "https://opencollective.com/typescript-eslint"
      },
      "peerDependencies": {
        "typescript": ">=4.8.4 <6.0.0"
      }
    },
    "node_modules/@typescript-eslint/types": {
      "version": "8.57.2",
      "resolved": "https://registry.npmjs.org/@typescript-eslint/types/-/types-8.57.2.tgz",
      "integrity": "sha512-/iZM6FnM4tnx9csuTxspMW4BOSegshwX5oBDznJ7S4WggL7Vczz5d2W11ecc4vRrQMQHXRSxzrCsyG5EsPPTbA==",
      "license": "MIT",
      "engines": {
        "node": "^18.18.0 || ^20.9.0 || >=21.1.0"
      },
      "funding": {
        "type": "opencollective",
        "url": "https://opencollective.com/typescript-eslint"
      }
    },
    "node_modules/@typescript-eslint/typescript-estree": {
      "version": "8.57.2",
      "resolved": "https://registry.npmjs.org/@typescript-eslint/typescript-estree/-/typescript-estree-8.57.2.tgz",
      "integrity": "sha512-2MKM+I6g8tJxfSmFKOnHv2t8Sk3T6rF20A1Puk0svLK+uVapDZB/4pfAeB7nE83uAZrU6OxW+HmOd5wHVdXwXA==",
      "license": "MIT",
      "dependencies": {
        "@typescript-eslint/project-service": "8.57.2",
        "@typescript-eslint/tsconfig-utils": "8.57.2",
        "@typescript-eslint/types": "8.57.2",
        "@typescript-eslint/visitor-keys": "8.57.2",
        "debug": "^4.4.3",
        "minimatch": "^10.2.2",
        "semver": "^7.7.3",
        "tinyglobby": "^0.2.15",
        "ts-api-utils": "^2.4.0"
      },
      "engines": {
        "node": "^18.18.0 || ^20.9.0 || >=21.1.0"
      },
      "funding": {
        "type": "opencollective",
        "url": "https://opencollective.com/typescript-eslint"
      },
      "peerDependencies": {
        "typescript": ">=4.8.4 <6.0.0"
      }
    },
    "node_modules/@typescript-eslint/visitor-keys": {
      "version": "8.57.2",
      "resolved": "https://registry.npmjs.org/@typescript-eslint/visitor-keys/-/visitor-keys-8.57.2.tgz",
      "integrity": "sha512-zhahknjobV2FiD6Ee9iLbS7OV9zi10rG26odsQdfBO/hjSzUQbkIYgda+iNKK1zNiW2ey+Lf8MU5btN17V3dUw==",
      "license": "MIT",
      "dependencies": {
        "@typescript-eslint/types": "8.57.2",
        "eslint-visitor-keys": "^5.0.0"
      },
      "engines": {
        "node": "^18.18.0 || ^20.9.0 || >=21.1.0"
      },
      "funding": {
        "type": "opencollective",
        "url": "https://opencollective.com/typescript-eslint"
      }
    },
    "node_modules/ansi-regex": {
      "version": "6.2.2",
      "resolved": "https://registry.npmjs.org/ansi-regex/-/ansi-regex-6.2.2.tgz",
      "integrity": "sha512-Bq3SmSpyFHaWjPk8If9yc6svM8c56dB5BAtW4Qbw5jHTwwXXcTLoRMkpDJp6VL0XzlWaCHTXrkFURMYmD0sLqg==",
      "license": "MIT",
      "engines": {
        "node": ">=12"
      },
      "funding": {
        "url": "https://github.com/chalk/ansi-regex?sponsor=1"
      }
    },
    "node_modules/balanced-match": {
      "version": "4.0.4",
      "resolved": "https://registry.npmjs.org/balanced-match/-/balanced-match-4.0.4.tgz",
      "integrity": "sha512-BLrgEcRTwX2o6gGxGOCNyMvGSp35YofuYzw9h1IMTRmKqttAZZVU67bdb9Pr2vUHA8+j3i2tJfjO6C6+4myGTA==",
      "license": "MIT",
      "engines": {
        "node": "18 || 20 || >=22"
      }
    },
    "node_modules/brace-expansion": {
      "version": "5.0.4",
      "resolved": "https://registry.npmjs.org/brace-expansion/-/brace-expansion-5.0.4.tgz",
      "integrity": "sha512-h+DEnpVvxmfVefa4jFbCf5HdH5YMDXRsmKflpf1pILZWRFlTbJpxeU55nJl4Smt5HQaGzg1o6RHFPJaOqnmBDg==",
      "license": "MIT",
      "dependencies": {
        "balanced-match": "^4.0.2"
      },
      "engines": {
        "node": "18 || 20 || >=22"
      }
    },
    "node_modules/debug": {
      "version": "4.4.3",
      "resolved": "https://registry.npmjs.org/debug/-/debug-4.4.3.tgz",
      "integrity": "sha512-RGwwWnwQvkVfavKVt22FGLw+xYSdzARwm0ru6DhTVA3umU5hZc28V3kO4stgYryrTlLpuvgI9GiijltAjNbcqA==",
      "license": "MIT",
      "dependencies": {
        "ms": "^2.1.3"
      },
      "engines": {
        "node": ">=6.0"
      },
      "peerDependenciesMeta": {
        "supports-color": {
          "optional": true
        }
      }
    },
    "node_modules/digraph-js": {
      "version": "2.2.4",
      "resolved": "https://registry.npmjs.org/digraph-js/-/digraph-js-2.2.4.tgz",
      "integrity": "sha512-K42PmnGfSO73gOUDwq/kM7DLZaCQJpEKImEuz/aiSbmzEwoEUWSfkDNGfYcIFVZuNgn3tCkyEvzXJOoluP3bSQ==",
      "license": "MIT",
      "dependencies": {
        "lodash.uniqwith": "^4.5.0"
      },
      "engines": {
        "node": ">=16.0.0"
      }
    },
    "node_modules/eslint-visitor-keys": {
      "version": "5.0.1",
      "resolved": "https://registry.npmjs.org/eslint-visitor-keys/-/eslint-visitor-keys-5.0.1.tgz",
      "integrity": "sha512-tD40eHxA35h0PEIZNeIjkHoDR4YjjJp34biM0mDvplBe//mB+IHCqHDGV7pxF+7MklTvighcCPPZC7ynWyjdTA==",
      "license": "Apache-2.0",
      "engines": {
        "node": "^20.19.0 || ^22.13.0 || >=24"
      },
      "funding": {
        "url": "https://opencollective.com/eslint"
      }
    },
    "node_modules/fdir": {
      "version": "6.5.0",
      "resolved": "https://registry.npmjs.org/fdir/-/fdir-6.5.0.tgz",
      "integrity": "sha512-tIbYtZbucOs0BRGqPJkshJUYdL+SDH7dVM8gjy+ERp3WAUjLEFJE+02kanyHtwjWOnwrKYBiwAmM0p4kLJAnXg==",
      "license": "MIT",
      "engines": {
        "node": ">=12.0.0"
      },
      "peerDependencies": {
        "picomatch": "^3 || ^4"
      },
      "peerDependenciesMeta": {
        "picomatch": {
          "optional": true
        }
      }
    },
    "node_modules/frequency-set": {
      "version": "2.1.0",
      "resolved": "https://registry.npmjs.org/frequency-set/-/frequency-set-2.1.0.tgz",
      "integrity": "sha512-a/bcqldePC/qnIpds12Oj345eN+9hP0a6rNgVMHBZ2ckO4K0iruch9kNWIq3nq2N5PYjcviY9uDTUtA4y2d/pA==",
      "license": "MIT"
    },
    "node_modules/get-east-asian-width": {
      "version": "1.5.0",
      "resolved": "https://registry.npmjs.org/get-east-asian-width/-/get-east-asian-width-1.5.0.tgz",
      "integrity": "sha512-CQ+bEO+Tva/qlmw24dCejulK5pMzVnUOFOijVogd3KQs07HnRIgp8TGipvCCRT06xeYEbpbgwaCxglFyiuIcmA==",
      "license": "MIT",
      "engines": {
        "node": ">=18"
      },
      "funding": {
        "url": "https://github.com/sponsors/sindresorhus"
      }
    },
    "node_modules/ipaddr.js": {
      "version": "2.3.0",
      "resolved": "https://registry.npmjs.org/ipaddr.js/-/ipaddr.js-2.3.0.tgz",
      "integrity": "sha512-Zv/pA+ciVFbCSBBjGfaKUya/CcGmUHzTydLMaTwrUUEM2DIEO3iZvueGxmacvmN50fGpGVKeTXpb2LcYQxeVdg==",
      "license": "MIT",
      "engines": {
        "node": ">= 10"
      }
    },
    "node_modules/is-svg": {
      "version": "6.1.0",
      "resolved": "https://registry.npmjs.org/is-svg/-/is-svg-6.1.0.tgz",
      "integrity": "sha512-i7YPdvYuSCYcaLQrKwt8cvKTlwHcdA6Hp8N9SO3Q5jIzo8x6kH3N47W0BvPP7NdxVBmIHx7X9DK36czYYW7lHg==",
      "license": "MIT",
      "dependencies": {
        "@file-type/xml": "^0.4.3"
      },
      "engines": {
        "node": ">=20"
      },
      "funding": {
        "url": "https://github.com/sponsors/sindresorhus"
      }
    },
    "node_modules/lodash.uniqwith": {
      "version": "4.5.0",
      "resolved": "https://registry.npmjs.org/lodash.uniqwith/-/lodash.uniqwith-4.5.0.tgz",
      "integrity": "sha512-7lYL8bLopMoy4CTICbxygAUq6CdRJ36vFc80DucPueUee+d5NBRxz3FdT9Pes/HEx5mPoT9jwnsEJWz1N7uq7Q==",
      "license": "MIT"
    },
    "node_modules/meriyah": {
      "version": "7.0.0",
      "resolved": "https://registry.npmjs.org/meriyah/-/meriyah-7.0.0.tgz",
      "integrity": "sha512-eM23BVAsVhOxLEKckm3DopvcEze2o1leYO11xIkYqeeJgaNbzfGS00y7BUp/KeQPcTzXx0cGJRD2V7BYEZnDcg==",
      "license": "ISC",
      "engines": {
        "node": ">=20.0.0"
      }
    },
    "node_modules/minimatch": {
      "version": "10.2.4",
      "resolved": "https://registry.npmjs.org/minimatch/-/minimatch-10.2.4.tgz",
      "integrity": "sha512-oRjTw/97aTBN0RHbYCdtF1MQfvusSIBQM0IZEgzl6426+8jSC0nF1a/GmnVLpfB9yyr6g6FTqWqiZVbxrtaCIg==",
      "license": "BlueOak-1.0.0",
      "dependencies": {
        "brace-expansion": "^5.0.2"
      },
      "engines": {
        "node": "18 || 20 || >=22"
      },
      "funding": {
        "url": "https://github.com/sponsors/isaacs"
      }
    },
    "node_modules/ms": {
      "version": "2.1.3",
      "resolved": "https://registry.npmjs.org/ms/-/ms-2.1.3.tgz",
      "integrity": "sha512-6FlzubTLZG3J2a/NVCAleEhjzq5oxgHyaCU9yYXvcLsvoVaHJq/s5xXI6/XXP6tz7R9xAOtHnSO/tXtF3WRTlA==",
      "license": "MIT"
    },
    "node_modules/picomatch": {
      "version": "4.0.4",
      "resolved": "https://registry.npmjs.org/picomatch/-/picomatch-4.0.4.tgz",
      "integrity": "sha512-QP88BAKvMam/3NxH6vj2o21R6MjxZUAd6nlwAS/pnGvN9IVLocLHxGYIzFhg6fUQ+5th6P4dv4eW9jX3DSIj7A==",
      "license": "MIT",
      "engines": {
        "node": ">=12"
      },
      "funding": {
        "url": "https://github.com/sponsors/jonschlinkert"
      }
    },
    "node_modules/regexp-tree": {
      "version": "0.1.27",
      "resolved": "https://registry.npmjs.org/regexp-tree/-/regexp-tree-0.1.27.tgz",
      "integrity": "sha512-iETxpjK6YoRWJG5o6hXLwvjYAoW+FEZn9os0PD/b6AP6xQwsa/Y7lCVgIixBbUPMfhu+i2LtdeAqVTgGlQarfA==",
      "license": "MIT",
      "bin": {
        "regexp-tree": "bin/regexp-tree"
      }
    },
    "node_modules/safe-regex": {
      "version": "2.1.1",
      "resolved": "https://registry.npmjs.org/safe-regex/-/safe-regex-2.1.1.tgz",
      "integrity": "sha512-rx+x8AMzKb5Q5lQ95Zoi6ZbJqwCLkqi3XuJXp5P3rT8OEc6sZCJG5AE5dU3lsgRr/F4Bs31jSlVN+j5KrsGu9A==",
      "license": "MIT",
      "dependencies": {
        "regexp-tree": "~0.1.1"
      }
    },
    "node_modules/sax": {
      "version": "1.6.0",
      "resolved": "https://registry.npmjs.org/sax/-/sax-1.6.0.tgz",
      "integrity": "sha512-6R3J5M4AcbtLUdZmRv2SygeVaM7IhrLXu9BmnOGmmACak8fiUtOsYNWUS4uK7upbmHIBbLBeFeI//477BKLBzA==",
      "license": "BlueOak-1.0.0",
      "engines": {
        "node": ">=11.0.0"
      }
    },
    "node_modules/semver": {
      "version": "7.7.4",
      "resolved": "https://registry.npmjs.org/semver/-/semver-7.7.4.tgz",
      "integrity": "sha512-vFKC2IEtQnVhpT78h1Yp8wzwrf8CM+MzKMHGJZfBtzhZNycRFnXsHk6E5TxIkkMsgNS7mdX3AGB7x2QM2di4lA==",
      "license": "ISC",
      "bin": {
        "semver": "bin/semver.js"
      },
      "engines": {
        "node": ">=10"
      }
    },
    "node_modules/string-width": {
      "version": "8.2.0",
      "resolved": "https://registry.npmjs.org/string-width/-/string-width-8.2.0.tgz",
      "integrity": "sha512-6hJPQ8N0V0P3SNmP6h2J99RLuzrWz2gvT7VnK5tKvrNqJoyS9W4/Fb8mo31UiPvy00z7DQXkP2hnKBVav76thw==",
      "license": "MIT",
      "dependencies": {
        "get-east-asian-width": "^1.5.0",
        "strip-ansi": "^7.1.2"
      },
      "engines": {
        "node": ">=20"
      },
      "funding": {
        "url": "https://github.com/sponsors/sindresorhus"
      }
    },
    "node_modules/strip-ansi": {
      "version": "7.2.0",
      "resolved": "https://registry.npmjs.org/strip-ansi/-/strip-ansi-7.2.0.tgz",
      "integrity": "sha512-yDPMNjp4WyfYBkHnjIRLfca1i6KMyGCtsVgoKe/z1+6vukgaENdgGBZt+ZmKPc4gavvEZ5OgHfHdrazhgNyG7w==",
      "license": "MIT",
      "dependencies": {
        "ansi-regex": "^6.2.2"
      },
      "engines": {
        "node": ">=12"
      },
      "funding": {
        "url": "https://github.com/chalk/strip-ansi?sponsor=1"
      }
    },
    "node_modules/strtok3": {
      "version": "10.3.5",
      "resolved": "https://registry.npmjs.org/strtok3/-/strtok3-10.3.5.tgz",
      "integrity": "sha512-ki4hZQfh5rX0QDLLkOCj+h+CVNkqmp/CMf8v8kZpkNVK6jGQooMytqzLZYUVYIZcFZ6yDB70EfD8POcFXiF5oA==",
      "license": "MIT",
      "dependencies": {
        "@tokenizer/token": "^0.3.0"
      },
      "engines": {
        "node": ">=18"
      },
      "funding": {
        "type": "github",
        "url": "https://github.com/sponsors/Borewit"
      }
    },
    "node_modules/tinyglobby": {
      "version": "0.2.15",
      "resolved": "https://registry.npmjs.org/tinyglobby/-/tinyglobby-0.2.15.tgz",
      "integrity": "sha512-j2Zq4NyQYG5XMST4cbs02Ak8iJUdxRM0XI5QyxXuZOzKOINmWurp3smXu3y5wDcJrptwpSjgXHzIQxR0omXljQ==",
      "license": "MIT",
      "dependencies": {
        "fdir": "^6.5.0",
        "picomatch": "^4.0.3"
      },
      "engines": {
        "node": ">=12.0.0"
      },
      "funding": {
        "url": "https://github.com/sponsors/SuperchupuDev"
      }
    },
    "node_modules/ts-api-utils": {
      "version": "2.5.0",
      "resolved": "https://registry.npmjs.org/ts-api-utils/-/ts-api-utils-2.5.0.tgz",
      "integrity": "sha512-OJ/ibxhPlqrMM0UiNHJ/0CKQkoKF243/AEmplt3qpRgkW8VG7IfOS41h7V8TjITqdByHzrjcS/2si+y4lIh8NA==",
      "license": "MIT",
      "engines": {
        "node": ">=18.12"
      },
      "peerDependencies": {
        "typescript": ">=4.8.4"
      }
    },
    "node_modules/ts-pattern": {
      "version": "5.9.0",
      "resolved": "https://registry.npmjs.org/ts-pattern/-/ts-pattern-5.9.0.tgz",
      "integrity": "sha512-6s5V71mX8qBUmlgbrfL33xDUwO0fq48rxAu2LBE11WBeGdpCPOsXksQbZJHvHwhrd3QjUusd3mAOM5Gg0mFBLg==",
      "license": "MIT"
    },
    "node_modules/typescript": {
      "version": "5.9.3",
      "resolved": "https://registry.npmjs.org/typescript/-/typescript-5.9.3.tgz",
      "integrity": "sha512-jl1vZzPDinLr9eUt3J/t7V6FgNEw9QjvBPdysz9KfQDD41fQrC2Y4vKQdiaUpFT4bXlb1RHhLpp8wtm6M5TgSw==",
      "license": "Apache-2.0",
      "peer": true,
      "bin": {
        "tsc": "bin/tsc",
        "tsserver": "bin/tsserver"
      },
      "engines": {
        "node": ">=14.17"
      }
    }
  }
}
